
Microsoft Visual Studio Solution File, Format Version 12.00
# Visual Studio Version 16
VisualStudioVersion = 16.0.31729.503
MinimumVisualStudioVersion = 10.0.40219.1
Project("{FAE04EC0-301F-11D3-BF4B-00C04F79EFBC}") = "Stock.UserAPI", "Stock.UserAPI\Stock.UserAPI.csproj", "{680977A8-871E-4C12-8607-C520D43BC20E}"
EndProject
Project("{FAE04EC0-301F-11D3-BF4B-00C04F79EFBC}") = "Stock.ExchangeAPI", "Stock.ExchangeAPI\Stock.ExchangeAPI.csproj", "{C5D1B4B5-3C4B-4ACD-BB1E-DE4BB219BBF8}"
EndProject
Project("{FAE04EC0-301F-11D3-BF4B-00C04F79EFBC}") = "StockAdminAPI", "StockAdminAPI\StockAdminAPI.csproj", "{649F634D-B7A0-4651-A6F2-E7108AE4EB62}"
EndProject
Global
	GlobalSection(SolutionConfigurationPlatforms) = preSolution
		Debug|Any CPU = Debug|Any CPU
		Release|Any CPU = Release|Any CPU
	EndGlobalSection
	GlobalSection(ProjectConfigurationPlatforms) = postSolution
		{680977A8-871E-4C12-8607-C520D43BC20E}.Debug|Any CPU.ActiveCfg = Debug|Any CPU
		{680977A8-871E-4C12-8607-C520D43BC20E}.Debug|Any CPU.Build.0 = Debug|Any CPU
		{680977A8-871E-4C12-8607-C520D43BC20E}.Release|Any CPU.ActiveCfg = Release|Any CPU
		{680977A8-871E-4C12-8607-C520D43BC20E}.Release|Any CPU.Build.0 = Release|Any CPU
		{C5D1B4B5-3C4B-4ACD-BB1E-DE4BB219BBF8}.Debug|Any CPU.ActiveCfg = Debug|Any CPU
		{C5D1B4B5-3C4B-4ACD-BB1E-DE4BB219BBF8}.Debug|Any CPU.Build.0 = Debug|Any CPU
		{C5D1B4B5-3C4B-4ACD-BB1E-DE4BB219BBF8}.Release|Any CPU.ActiveCfg = Release|Any CPU
		{C5D1B4B5-3C4B-4ACD-BB1E-DE4BB219BBF8}.Release|Any CPU.Build.0 = Release|Any CPU
		{649F634D-B7A0-4651-A6F2-E7108AE4EB62}.Debug|Any CPU.ActiveCfg = Debug|Any CPU
		{649F634D-B7A0-4651-A6F2-E7108AE4EB62}.Debug|Any CPU.Build.0 = Debug|Any CPU
		{649F634D-B7A0-4651-A6F2-E7108AE4EB62}.Release|Any CPU.ActiveCfg = Release|Any CPU
		{649F634D-B7A0-4651-A6F2-E7108AE4EB62}.Release|Any CPU.Build.0 = Release|Any CPU
	EndGlobalSection
	GlobalSection(SolutionProperties) = preSolution
		HideSolutionNode = FALSE
	EndGlobalSection
	GlobalSection(ExtensibilityGlobals) = postSolution
		SolutionGuid = {6F0D20E2-6D95-41F4-A017-5186AAF384F5}
	EndGlobalSection
EndGlobal
